// !$*UTF8*$!
{
	archiveVersion = 1;
	classes = {
	};
	objectVersion = 46;
	objects = {

/* Begin PBXBuildFile section */
		F87E223E1EE8760A00CB14A0 /* EasyLoginDB.m in Sources */ = {isa = PBXBuildFile; fileRef = F87E223D1EE8760A00CB14A0 /* EasyLoginDB.m */; };
		F87E22401EE8760A00CB14A0 /* main.m in Sources */ = {isa = PBXBuildFile; fileRef = F87E223F1EE8760A00CB14A0 /* main.m */; };
/* End PBXBuildFile section */

/* Begin PBXFileReference section */
		F87E22381EE8760A00CB14A0 /* EasyLoginDB.xpc */ = {isa = PBXFileReference; explicitFileType = "wrapper.xpc-service"; includeInIndex = 0; path = EasyLoginDB.xpc; sourceTree = BUILT_PRODUCTS_DIR; };
		F87E223B1EE8760A00CB14A0 /* EasyLoginDBProtocol.h */ = {isa = PBXFileReference; lastKnownFileType = sourcecode.c.h; path = EasyLoginDBProtocol.h; sourceTree = "<group>"; };
		F87E223C1EE8760A00CB14A0 /* EasyLoginDB.h */ = {isa = PBXFileReference; lastKnownFileType = sourcecode.c.h; path = EasyLoginDB.h; sourceTree = "<group>"; };
		F87E223D1EE8760A00CB14A0 /* EasyLoginDB.m */ = {isa = PBXFileReference; lastKnownFileType = sourcecode.c.objc; path = EasyLoginDB.m; sourceTree = "<group>"; };
		F87E223F1EE8760A00CB14A0 /* main.m */ = {isa = PBXFileReference; lastKnownFileType = sourcecode.c.objc; path = main.m; sourceTree = "<group>"; };
		F87E22411EE8760A00CB14A0 /* Info.plist */ = {isa = PBXFileReference; lastKnownFileType = text.plist.xml; path = Info.plist; sourceTree = "<group>"; };
		F87E22481EE8861A00CB14A0 /* Constants.h */ = {isa = PBXFileReference; lastKnownFileType = sourcecode.c.h; path = Constants.h; sourceTree = "<group>"; };
		F8A47C941EE9338200BB2BAF /* io.EasyLogin.EasyLoginDB.plist */ = {isa = PBXFileReference; fileEncoding = 4; lastKnownFileType = text.plist.xml; path = io.EasyLogin.EasyLoginDB.plist; sourceTree = "<group>"; };
/* End PBXFileReference section */

/* Begin PBXFrameworksBuildPhase section */
		F87E22351EE8760A00CB14A0 /* Frameworks */ = {
			isa = PBXFrameworksBuildPhase;
			buildActionMask = 2147483647;
			files = (
			);
			runOnlyForDeploymentPostprocessing = 0;
		};
/* End PBXFrameworksBuildPhase section */

/* Begin PBXGroup section */
		F87E222F1EE8760A00CB14A0 = {
			isa = PBXGroup;
			children = (
				F8A47C941EE9338200BB2BAF /* io.EasyLogin.EasyLoginDB.plist */,
				F87E223A1EE8760A00CB14A0 /* EasyLoginDB */,
				F87E22391EE8760A00CB14A0 /* Products */,
			);
			sourceTree = "<group>";
		};
		F87E22391EE8760A00CB14A0 /* Products */ = {
			isa = PBXGroup;
			children = (
				F87E22381EE8760A00CB14A0 /* EasyLoginDB.xpc */,
			);
			name = Products;
			sourceTree = "<group>";
		};
		F87E223A1EE8760A00CB14A0 /* EasyLoginDB */ = {
			isa = PBXGroup;
			children = (
				F87E223B1EE8760A00CB14A0 /* EasyLoginDBProtocol.h */,
				F87E22481EE8861A00CB14A0 /* Constants.h */,
				F87E223C1EE8760A00CB14A0 /* EasyLoginDB.h */,
				F87E223D1EE8760A00CB14A0 /* EasyLoginDB.m */,
				F87E223F1EE8760A00CB14A0 /* main.m */,
				F87E22411EE8760A00CB14A0 /* Info.plist */,
			);
			path = EasyLoginDB;
			sourceTree = "<group>";
		};
/* End PBXGroup section */

/* Begin PBXNativeTarget section */
		F87E22371EE8760A00CB14A0 /* EasyLoginDB */ = {
			isa = PBXNativeTarget;
			buildConfigurationList = F87E22441EE8760A00CB14A0 /* Build configuration list for PBXNativeTarget "EasyLoginDB" */;
			buildPhases = (
				F87E22341EE8760A00CB14A0 /* Sources */,
				F87E22351EE8760A00CB14A0 /* Frameworks */,
				F87E22361EE8760A00CB14A0 /* Resources */,
			);
			buildRules = (
			);
			dependencies = (
			);
			name = EasyLoginDB;
			productName = EasyLoginDB;
			productReference = F87E22381EE8760A00CB14A0 /* EasyLoginDB.xpc */;
			productType = "com.apple.product-type.xpc-service";
		};
/* End PBXNativeTarget section */

/* Begin PBXProject section */
		F87E22301EE8760A00CB14A0 /* Project object */ = {
			isa = PBXProject;
			attributes = {
				LastUpgradeCheck = 0830;
				ORGANIZATIONNAME = EasyLogin;
				TargetAttributes = {
					F87E22371EE8760A00CB14A0 = {
						CreatedOnToolsVersion = 8.3.2;
						DevelopmentTeam = CRXPBZF3N4;
						ProvisioningStyle = Automatic;
					};
				};
			};
			buildConfigurationList = F87E22331EE8760A00CB14A0 /* Build configuration list for PBXProject "EasyLoginDB" */;
			compatibilityVersion = "Xcode 3.2";
			developmentRegion = English;
			hasScannedForEncodings = 0;
			knownRegions = (
				en,
			);
			mainGroup = F87E222F1EE8760A00CB14A0;
			productRefGroup = F87E22391EE8760A00CB14A0 /* Products */;
			projectDirPath = "";
			projectRoot = "";
			targets = (
				F87E22371EE8760A00CB14A0 /* EasyLoginDB */,
			);
		};
/* End PBXProject section */

/* Begin PBXResourcesBuildPhase section */
		F87E22361EE8760A00CB14A0 /* Resources */ = {
			isa = PBXResourcesBuildPhase;
			buildActionMask = 2147483647;
			files = (
			);
			runOnlyForDeploymentPostprocessing = 0;
		};
/* End PBXResourcesBuildPhase section */

/* Begin PBXSourcesBuildPhase section */
		F87E22341EE8760A00CB14A0 /* Sources */ = {
			isa = PBXSourcesBuildPhase;
			buildActionMask = 2147483647;
			files = (
				F87E22401EE8760A00CB14A0 /* main.m in Sources */,
				F87E223E1EE8760A00CB14A0 /* EasyLoginDB.m in Sources */,
			);
			runOnlyForDeploymentPostprocessing = 0;
		};
/* End PBXSourcesBuildPhase section */

/* Begin XCBuildConfiguration section */
		F87E22421EE8760A00CB14A0 /* Debug */ = {
			isa = XCBuildConfiguration;
			buildSettings = {
				ALWAYS_SEARCH_USER_PATHS = NO;
				CLANG_ANALYZER_NONNULL = YES;
				CLANG_ANALYZER_NUMBER_OBJECT_CONVERSION = YES_AGGRESSIVE;
				CLANG_CXX_LANGUAGE_STANDARD = "gnu++0x";
				CLANG_CXX_LIBRARY = "libc++";
				CLANG_ENABLE_MODULES = YES;
				CLANG_ENABLE_OBJC_ARC = YES;
				CLANG_WARN_BOOL_CONVERSION = YES;
				CLANG_WARN_CONSTANT_CONVERSION = YES;
				CLANG_WARN_DIRECT_OBJC_ISA_USAGE = YES_ERROR;
				CLANG_WARN_DOCUMENTATION_COMMENTS = YES;
				CLANG_WARN_EMPTY_BODY = YES;
				CLANG_WARN_ENUM_CONVERSION = YES;
				CLANG_WARN_INFINITE_RECURSION = YES;
				CLANG_WARN_INT_CONVERSION = YES;
				CLANG_WARN_OBJC_ROOT_CLASS = YES_ERROR;
				CLANG_WARN_SUSPICIOUS_MOVE = YES;
				CLANG_WARN_UNREACHABLE_CODE = YES;
				CLANG_WARN__DUPLICATE_METHOD_MATCH = YES;
				CODE_SIGN_IDENTITY = "-";
				COPY_PHASE_STRIP = NO;
				DEBUG_INFORMATION_FORMAT = dwarf;
				ENABLE_STRICT_OBJC_MSGSEND = YES;
				ENABLE_TESTABILITY = YES;
				GCC_C_LANGUAGE_STANDARD = gnu99;
				GCC_DYNAMIC_NO_PIC = NO;
				GCC_NO_COMMON_BLOCKS = YES;
				GCC_OPTIMIZATION_LEVEL = 0;
				GCC_PREPROCESSOR_DEFINITIONS = (
					"DEBUG=1",
					"$(inherited)",
				);
				GCC_WARN_64_TO_32_BIT_CONVERSION = YES;
				GCC_WARN_ABOUT_RETURN_TYPE = YES_ERROR;
				GCC_WARN_UNDECLARED_SELECTOR = YES;
				GCC_WARN_UNINITIALIZED_AUTOS = YES_AGGRESSIVE;
				GCC_WARN_UNUSED_FUNCTION = YES;
				GCC_WARN_UNUSED_VARIABLE = YES;
				MACOSX_DEPLOYMENT_TARGET = 10.12;
				MTL_ENABLE_DEBUG_INFO = YES;
				ONLY_ACTIVE_ARCH = YES;
				SDKROOT = macosx;
			};
			name = Debug;
		};
		F87E22431EE8760A00CB14A0 /* Release */ = {
			isa = XCBuildConfiguration;
			buildSettings = {
				ALWAYS_SEARCH_USER_PATHS = NO;
				CLANG_ANALYZER_NONNULL = YES;
				CLANG_ANALYZER_NUMBER_OBJECT_CONVERSION = YES_AGGRESSIVE;
				CLANG_CXX_LANGUAGE_STANDARD = "gnu++0x";
				CLANG_CXX_LIBRARY = "libc++";
				CLANG_ENABLE_MODULES = YES;
				CLANG_ENABLE_OBJC_ARC = YES;
				CLANG_WARN_BOOL_CONVERSION = YES;
				CLANG_WARN_CONSTANT_CONVERSION = YES;
				CLANG_WARN_DIRECT_OBJC_ISA_USAGE = YES_ERROR;
				CLANG_WARN_DOCUMENTATION_COMMENTS = YES;
				CLANG_WARN_EMPTY_BODY = YES;
				CLANG_WARN_ENUM_CONVERSION = YES;
				CLANG_WARN_INFINITE_RECURSION = YES;
				CLANG_WARN_INT_CONVERSION = YES;
				CLANG_WARN_OBJC_ROOT_CLASS = YES_ERROR;
				CLANG_WARN_SUSPICIOUS_MOVE = YES;
				CLANG_WARN_UNREACHABLE_CODE = YES;
				CLANG_WARN__DUPLICATE_METHOD_MATCH = YES;
				CODE_SIGN_IDENTITY = "-";
				COPY_PHASE_STRIP = NO;
				DEBUG_INFORMATION_FORMAT = "dwarf-with-dsym";
				ENABLE_NS_ASSERTIONS = NO;
				ENABLE_STRICT_OBJC_MSGSEND = YES;
				GCC_C_LANGUAGE_STANDARD = gnu99;
				GCC_NO_COMMON_BLOCKS = YES;
				GCC_WARN_64_TO_32_BIT_CONVERSION = YES;
				GCC_WARN_ABOUT_RETURN_TYPE = YES_ERROR;
				GCC_WARN_UNDECLARED_SELECTOR = YES;
				GCC_WARN_UNINITIALIZED_AUTOS = YES_AGGRESSIVE;
				GCC_WARN_UNUSED_FUNCTION = YES;
				GCC_WARN_UNUSED_VARIABLE = YES;
				MACOSX_DEPLOYMENT_TARGET = 10.12;
				MTL_ENABLE_DEBUG_INFO = NO;
				SDKROOT = macosx;
			};
			name = Release;
		};
		F87E22451EE8760A00CB14A0 /* Debug */ = {
			isa = XCBuildConfiguration;
			buildSettings = {
				COMBINE_HIDPI_IMAGES = YES;
				DEVELOPMENT_TEAM = CRXPBZF3N4;
				INFOPLIST_FILE = EasyLoginDB/Info.plist;
				MACOSX_DEPLOYMENT_TARGET = 10.9;
				PRODUCT_BUNDLE_IDENTIFIER = io.easylogin.EasyLoginDB;
				PRODUCT_NAME = "$(TARGET_NAME)";
				SKIP_INSTALL = YES;
			};
			name = Debug;
		};
		F87E22461EE8760A00CB14A0 /* Release */ = {
			isa = XCBuildConfiguration;
			buildSettings = {
				COMBINE_HIDPI_IMAGES = YES;
				DEVELOPMENT_TEAM = CRXPBZF3N4;
				INFOPLIST_FILE = EasyLoginDB/Info.plist;
				MACOSX_DEPLOYMENT_TARGET = 10.9;
				PRODUCT_BUNDLE_IDENTIFIER = io.easylogin.EasyLoginDB;
				PRODUCT_NAME = "$(TARGET_NAME)";
				SKIP_INSTALL = YES;
			};
			name = Release;
		};
/* End XCBuildConfiguration section */

/* Begin XCConfigurationList section */
		F87E22331EE8760A00CB14A0 /* Build configuration list for PBXProject "EasyLoginDB" */ = {
			isa = XCConfigurationList;
			buildConfigurations = (
				F87E22421EE8760A00CB14A0 /* Debug */,
				F87E22431EE8760A00CB14A0 /* Release */,
			);
			defaultConfigurationIsVisible = 0;
			defaultConfigurationName = Release;
		};
		F87E22441EE8760A00CB14A0 /* Build configuration list for PBXNativeTarget "EasyLoginDB" */ = {
			isa = XCConfigurationList;
			buildConfigurations = (
				F87E22451EE8760A00CB14A0 /* Debug */,
				F87E22461EE8760A00CB14A0 /* Release */,
			);
			defaultConfigurationIsVisible = 0;
			defaultConfigurationName = Release;
		};
/* End XCConfigurationList section */
	};
	rootObject = F87E22301EE8760A00CB14A0 /* Project object */;
}
